// !$*UTF8*$!
{
	archiveVersion = 1;
	classes = {
	};
	objectVersion = 46;
	objects = {

/* Begin PBXBuildFile section */
		4A3883931F4B52900098DFFB /* AppDelegate.swift in Sources */ = {isa = PBXBuildFile; fileRef = 4A3883921F4B52900098DFFB /* AppDelegate.swift */; };
		4A3883951F4B52900098DFFB /* ViewController.swift in Sources */ = {isa = PBXBuildFile; fileRef = 4A3883941F4B52900098DFFB /* ViewController.swift */; };
		4A3883981F4B52900098DFFB /* Main.storyboard in Resources */ = {isa = PBXBuildFile; fileRef = 4A3883961F4B52900098DFFB /* Main.storyboard */; };
		4A38839A1F4B52900098DFFB /* Assets.xcassets in Resources */ = {isa = PBXBuildFile; fileRef = 4A3883991F4B52900098DFFB /* Assets.xcassets */; };
		4A38839D1F4B52900098DFFB /* LaunchScreen.storyboard in Resources */ = {isa = PBXBuildFile; fileRef = 4A38839B1F4B52900098DFFB /* LaunchScreen.storyboard */; };
		4AF9180B2024565800C1D8F4 /* Settings.bundle in Resources */ = {isa = PBXBuildFile; fileRef = 4AF9180A2024565800C1D8F4 /* Settings.bundle */; };
/* End PBXBuildFile section */

/* Begin PBXFileReference section */
		4A38838F1F4B52900098DFFB /* PullToRefresh.app */ = {isa = PBXFileReference; explicitFileType = wrapper.application; includeInIndex = 0; path = PullToRefresh.app; sourceTree = BUILT_PRODUCTS_DIR; };
		4A3883921F4B52900098DFFB /* AppDelegate.swift */ = {isa = PBXFileReference; lastKnownFileType = sourcecode.swift; path = AppDelegate.swift; sourceTree = "<group>"; };
		4A3883941F4B52900098DFFB /* ViewController.swift */ = {isa = PBXFileReference; lastKnownFileType = sourcecode.swift; path = ViewController.swift; sourceTree = "<group>"; };
		4A3883971F4B52900098DFFB /* Base */ = {isa = PBXFileReference; lastKnownFileType = file.storyboard; name = Base; path = Base.lproj/Main.storyboard; sourceTree = "<group>"; };
		4A3883991F4B52900098DFFB /* Assets.xcassets */ = {isa = PBXFileReference; lastKnownFileType = folder.assetcatalog; path = Assets.xcassets; sourceTree = "<group>"; };
		4A38839C1F4B52900098DFFB /* Base */ = {isa = PBXFileReference; lastKnownFileType = file.storyboard; name = Base; path = Base.lproj/LaunchScreen.storyboard; sourceTree = "<group>"; };
		4A38839E1F4B52900098DFFB /* Info.plist */ = {isa = PBXFileReference; lastKnownFileType = text.plist.xml; path = Info.plist; sourceTree = "<group>"; };
		4AF9180A2024565800C1D8F4 /* Settings.bundle */ = {isa = PBXFileReference; lastKnownFileType = "wrapper.plug-in"; path = Settings.bundle; sourceTree = "<group>"; };
/* End PBXFileReference section */

/* Begin PBXFrameworksBuildPhase section */
		4A38838C1F4B528F0098DFFB /* Frameworks */ = {
			isa = PBXFrameworksBuildPhase;
			buildActionMask = 2147483647;
			files = (
			);
			runOnlyForDeploymentPostprocessing = 0;
		};
/* End PBXFrameworksBuildPhase section */

/* Begin PBXGroup section */
		4A3883861F4B528F0098DFFB = {
			isa = PBXGroup;
			children = (
				4AF9180A2024565800C1D8F4 /* Settings.bundle */,
				4A3883911F4B52900098DFFB /* PullToRefresh */,
				4A3883901F4B52900098DFFB /* Products */,
			);
			sourceTree = "<group>";
		};
		4A3883901F4B52900098DFFB /* Products */ = {
			isa = PBXGroup;
			children = (
				4A38838F1F4B52900098DFFB /* PullToRefresh.app */,
			);
			name = Products;
			sourceTree = "<group>";
		};
		4A3883911F4B52900098DFFB /* PullToRefresh */ = {
			isa = PBXGroup;
			children = (
				4A3883921F4B52900098DFFB /* AppDelegate.swift */,
				4A3883941F4B52900098DFFB /* ViewController.swift */,
				4A3883961F4B52900098DFFB /* Main.storyboard */,
				4A3883991F4B52900098DFFB /* Assets.xcassets */,
				4A38839B1F4B52900098DFFB /* LaunchScreen.storyboard */,
				4A38839E1F4B52900098DFFB /* Info.plist */,
			);
			path = PullToRefresh;
			sourceTree = "<group>";
		};
/* End PBXGroup section */

/* Begin PBXNativeTarget section */
		4A38838E1F4B528F0098DFFB /* PullToRefresh */ = {
			isa = PBXNativeTarget;
			buildConfigurationList = 4A3883A11F4B52900098DFFB /* Build configuration list for PBXNativeTarget "PullToRefresh" */;
			buildPhases = (
				4A38838B1F4B528F0098DFFB /* Sources */,
				4A38838C1F4B528F0098DFFB /* Frameworks */,
				4A38838D1F4B528F0098DFFB /* Resources */,
			);
			buildRules = (
			);
			dependencies = (
			);
			name = PullToRefresh;
			productName = PullToRefresh;
			productReference = 4A38838F1F4B52900098DFFB /* PullToRefresh.app */;
			productType = "com.apple.product-type.application";
		};
/* End PBXNativeTarget section */

/* Begin PBXProject section */
		4A3883871F4B528F0098DFFB /* Project object */ = {
			isa = PBXProject;
			attributes = {
				LastSwiftUpdateCheck = 0820;
				LastUpgradeCheck = 0820;
				ORGANIZATIONNAME = "Pavel Hrybouski";
				TargetAttributes = {
					4A38838E1F4B528F0098DFFB = {
						CreatedOnToolsVersion = 8.2.1;
						DevelopmentTeam = 37R5U4Q4R5;
						ProvisioningStyle = Automatic;
					};
				};
			};
			buildConfigurationList = 4A38838A1F4B528F0098DFFB /* Build configuration list for PBXProject "PullToRefresh" */;
			compatibilityVersion = "Xcode 3.2";
			developmentRegion = English;
			hasScannedForEncodings = 0;
			knownRegions = (
				en,
				Base,
			);
			mainGroup = 4A3883861F4B528F0098DFFB;
			productRefGroup = 4A3883901F4B52900098DFFB /* Products */;
			projectDirPath = "";
			projectRoot = "";
			targets = (
				4A38838E1F4B528F0098DFFB /* PullToRefresh */,
			);
		};
/* End PBXProject section */

/* Begin PBXResourcesBuildPhase section */
		4A38838D1F4B528F0098DFFB /* Resources */ = {
			isa = PBXResourcesBuildPhase;
			buildActionMask = 2147483647;
			files = (
				4AF9180B2024565800C1D8F4 /* Settings.bundle in Resources */,
				4A38839D1F4B52900098DFFB /* LaunchScreen.storyboard in Resources */,
				4A38839A1F4B52900098DFFB /* Assets.xcassets in Resources */,
				4A3883981F4B52900098DFFB /* Main.storyboard in Resources */,
			);
			runOnlyForDeploymentPostprocessing = 0;
		};
/* End PBXResourcesBuildPhase section */

/* Begin PBXSourcesBuildPhase section */
		4A38838B1F4B528F0098DFFB /* Sources */ = {
			isa = PBXSourcesBuildPhase;
			buildActionMask = 2147483647;
			files = (
				4A3883951F4B52900098DFFB /* ViewController.swift in Sources */,
				4A3883931F4B52900098DFFB /* AppDelegate.swift in Sources */,
			);
			runOnlyForDeploymentPostprocessing = 0;
		};
/* End PBXSourcesBuildPhase section */

/* Begin PBXVariantGroup section */
		4A3883961F4B52900098DFFB /* Main.storyboard */ = {
			isa = PBXVariantGroup;
			children = (
				4A3883971F4B52900098DFFB /* Base */,
			);
			name = Main.storyboard;
			sourceTree = "<group>";
		};
		4A38839B1F4B52900098DFFB /* LaunchScreen.storyboard */ = {
			isa = PBXVariantGroup;
			children = (
				4A38839C1F4B52900098DFFB /* Base */,
			);
			name = LaunchScreen.storyboard;
			sourceTree = "<group>";
		};
/* End PBXVariantGroup section */

/* Begin XCBuildConfiguration section */
		4A38839F1F4B52900098DFFB /* Debug */ = {
			isa = XCBuildConfiguration;
			buildSettings = {
				ALWAYS_SEARCH_USER_PATHS = NO;
				CLANG_ANALYZER_NONNULL = YES;
				CLANG_CXX_LANGUAGE_STANDARD = "gnu++0x";
				CLANG_CXX_LIBRARY = "libc++";
				CLANG_ENABLE_MODULES = YES;
				CLANG_ENABLE_OBJC_ARC = YES;
				CLANG_WARN_BOOL_CONVERSION = YES;
				CLANG_WARN_CONSTANT_CONVERSION = YES;
				CLANG_WARN_DIRECT_OBJC_ISA_USAGE = YES_ERROR;
				CLANG_WARN_DOCUMENTATION_COMMENTS = YES;
				CLANG_WARN_EMPTY_BODY = YES;
				CLANG_WARN_ENUM_CONVERSION = YES;
				CLANG_WARN_INFINITE_RECURSION = YES;
				CLANG_WARN_INT_CONVERSION = YES;
				CLANG_WARN_OBJC_ROOT_CLASS = YES_ERROR;
				CLANG_WARN_SUSPICIOUS_MOVE = YES;
				CLANG_WARN_UNREACHABLE_CODE = YES;
				CLANG_WARN__DUPLICATE_METHOD_MATCH = YES;
				"CODE_SIGN_IDENTITY[sdk=iphoneos*]" = "iPhone Developer";
				COPY_PHASE_STRIP = NO;
				DEBUG_INFORMATION_FORMAT = dwarf;
				ENABLE_STRICT_OBJC_MSGSEND = YES;
				ENABLE_TESTABILITY = YES;
				GCC_C_LANGUAGE_STANDARD = gnu99;
				GCC_DYNAMIC_NO_PIC = NO;
				GCC_NO_COMMON_BLOCKS = YES;
				GCC_OPTIMIZATION_LEVEL = 0;
				GCC_PREPROCESSOR_DEFINITIONS = (
					"DEBUG=1",
					"$(inherited)",
				);
				GCC_WARN_64_TO_32_BIT_CONVERSION = YES;
				GCC_WARN_ABOUT_RETURN_TYPE = YES_ERROR;
				GCC_WARN_UNDECLARED_SELECTOR = YES;
				GCC_WARN_UNINITIALIZED_AUTOS = YES_AGGRESSIVE;
				GCC_WARN_UNUSED_FUNCTION = YES;
				GCC_WARN_UNUSED_VARIABLE = YES;
				IPHONEOS_DEPLOYMENT_TARGET = 10.2;
				MTL_ENABLE_DEBUG_INFO = YES;
				ONLY_ACTIVE_ARCH = YES;
				SDKROOT = iphoneos;
				SWIFT_ACTIVE_COMPILATION_CONDITIONS = DEBUG;
				SWIFT_OPTIMIZATION_LEVEL = "-Onone";
				TARGETED_DEVICE_FAMILY = "1,2";
			};
			name = Debug;
		};
		4A3883A01F4B52900098DFFB /* Release */ = {
			isa = XCBuildConfiguration;
			buildSettings = {
				ALWAYS_SEARCH_USER_PATHS = NO;
				CLANG_ANALYZER_NONNULL = YES;
				CLANG_CXX_LANGUAGE_STANDARD = "gnu++0x";
				CLANG_CXX_LIBRARY = "libc++";
				CLANG_ENABLE_MODULES = YES;
				CLANG_ENABLE_OBJC_ARC = YES;
				CLANG_WARN_BOOL_CONVERSION = YES;
				CLANG_WARN_CONSTANT_CONVERSION = YES;
				CLANG_WARN_DIRECT_OBJC_ISA_USAGE = YES_ERROR;
				CLANG_WARN_DOCUMENTATION_COMMENTS = YES;
				CLANG_WARN_EMPTY_BODY = YES;
				CLANG_WARN_ENUM_CONVERSION = YES;
				CLANG_WARN_INFINITE_RECURSION = YES;
				CLANG_WARN_INT_CONVERSION = YES;
				CLANG_WARN_OBJC_ROOT_CLASS = YES_ERROR;
				CLANG_WARN_SUSPICIOUS_MOVE = YES;
				CLANG_WARN_UNREACHABLE_CODE = YES;
				CLANG_WARN__DUPLICATE_METHOD_MATCH = YES;
				"CODE_SIGN_IDENTITY[sdk=iphoneos*]" = "iPhone Developer";
				COPY_PHASE_STRIP = NO;
				DEBUG_INFORMATION_FORMAT = "dwarf-with-dsym";
				ENABLE_NS_ASSERTIONS = NO;
				ENABLE_STRICT_OBJC_MSGSEND = YES;
				GCC_C_LANGUAGE_STANDARD = gnu99;
				GCC_NO_COMMON_BLOCKS = YES;
				GCC_WARN_64_TO_32_BIT_CONVERSION = YES;
				GCC_WARN_ABOUT_RETURN_TYPE = YES_ERROR;
				GCC_WARN_UNDECLARED_SELECTOR = YES;
				GCC_WARN_UNINITIALIZED_AUTOS = YES_AGGRESSIVE;
				GCC_WARN_UNUSED_FUNCTION = YES;
				GCC_WARN_UNUSED_VARIABLE = YES;
				IPHONEOS_DEPLOYMENT_TARGET = 10.2;
				MTL_ENABLE_DEBUG_INFO = NO;
				SDKROOT = iphoneos;
				SWIFT_OPTIMIZATION_LEVEL = "-Owholemodule";
				TARGETED_DEVICE_FAMILY = "1,2";
				VALIDATE_PRODUCT = YES;
			};
			name = Release;
		};
		4A3883A21F4B52900098DFFB /* Debug */ = {
			isa = XCBuildConfiguration;
			buildSettings = {
				ASSETCATALOG_COMPILER_APPICON_NAME = AppIcon;
				DEVELOPMENT_TEAM = 37R5U4Q4R5;
				INFOPLIST_FILE = PullToRefresh/Info.plist;
				IPHONEOS_DEPLOYMENT_TARGET = 10.0;
				LD_RUNPATH_SEARCH_PATHS = "$(inherited) @executable_path/Frameworks";
				PRODUCT_BUNDLE_IDENTIFIER = org.PH.PullToRefresh;
				PRODUCT_NAME = "$(TARGET_NAME)";
				SWIFT_VERSION = 3.0;
			};
			name = Debug;
		};
		4A3883A31F4B52900098DFFB /* Release */ = {
			isa = XCBuildConfiguration;
			buildSettings = {
				ASSETCATALOG_COMPILER_APPICON_NAME = AppIcon;
				DEVELOPMENT_TEAM = 37R5U4Q4R5;
				INFOPLIST_FILE = PullToRefresh/Info.plist;
				IPHONEOS_DEPLOYMENT_TARGET = 10.0;
				LD_RUNPATH_SEARCH_PATHS = "$(inherited) @executable_path/Frameworks";
				PRODUCT_BUNDLE_IDENTIFIER = org.PH.PullToRefresh;
				PRODUCT_NAME = "$(TARGET_NAME)";
				SWIFT_VERSION = 3.0;
			};
			name = Release;
		};
/* End XCBuildConfiguration section */

/* Begin XCConfigurationList section */
		4A38838A1F4B528F0098DFFB /* Build configuration list for PBXProject "PullToRefresh" */ = {
			isa = XCConfigurationList;
			buildConfigurations = (
				4A38839F1F4B52900098DFFB /* Debug */,
				4A3883A01F4B52900098DFFB /* Release */,
			);
			defaultConfigurationIsVisible = 0;
			defaultConfigurationName = Release;
		};
		4A3883A11F4B52900098DFFB /* Build configuration list for PBXNativeTarget "PullToRefresh" */ = {
			isa = XCConfigurationList;
			buildConfigurations = (
				4A3883A21F4B52900098DFFB /* Debug */,
				4A3883A31F4B52900098DFFB /* Release */,
			);
			defaultConfigurationIsVisible = 0;
			defaultConfigurationName = Release;
		};
/* End XCConfigurationList section */
	};
	rootObject = 4A3883871F4B528F0098DFFB /* Project object */;
}
